# THIS IS AN AUTOGENERATED FILE. DO NOT EDIT THIS FILE DIRECTLY.
# yarn lockfile v1


cos-js-sdk-v5@^0.5.26:
  version "0.5.26"
  resolved "https://registry.npmjs.org/cos-js-sdk-v5/-/cos-js-sdk-v5-0.5.26.tgz#4946762d353e09fb80a2e84466ab0d5236a167ce"
  integrity sha512-hv5AVd9EMPn01GRHnnR1UBeEI9RzuzIEJn9DOD/HpcDbO+8qBLKSCj2euMRA0kthasAuquVjbRWo1VChLNxn3g==
  dependencies:
    xmldom "^0.1.27"

cos-wx-sdk-v5@^0.7.10:
  version "0.7.10"
  resolved "https://registry.npmjs.org/cos-wx-sdk-v5/-/cos-wx-sdk-v5-0.7.10.tgz#fecac1a533d3bec86cf548c6c8f4432b50dce06b"
  integrity sha512-q7LtOF2SHuxMN1VAxV5ZW+pk8VshjzEwyPCCl/1BG/2gWU+MWn4GmDDv7xE061xhbM9nZIRF+kE+40HVAMuaww==
  dependencies:
    xmldom "^0.1.27"

es6-promise@^4.2.8:
  version "4.2.8"
  resolved "https://registry.npmjs.org/es6-promise/-/es6-promise-4.2.8.tgz#4eb21594c972bc40553d276e510539143db53e0a"
  integrity sha512-HJDGx5daxeIvxdBxvG2cb9g4tEvwIk3i8+nhX0yGrYmZUzbkdg8QbDevheDB8gd0//uPj4c1EQua8Q+MViT0/w==

rxjs-compat@^6.5.5:
  version "6.5.5"
  resolved "https://registry.npmjs.org/rxjs-compat/-/rxjs-compat-6.5.5.tgz#073c40510f29c45a2a5fc02dde87f8c3ad75f2c2"
  integrity sha512-F42sssVbUyWH4vJswEo6m+Eh02xHv3q93n8S7nUJO58R7sbc3CvJIOts605zdaBhWa1xMB9aVSyqPqhQ5q3eXg==

rxjs@^6.5.5:
  version "6.5.5"
  resolved "https://registry.npmjs.org/rxjs/-/rxjs-6.5.5.tgz#c5c884e3094c8cfee31bf27eb87e54ccfc87f9ec"
  integrity sha512-WfQI+1gohdf0Dai/Bbmk5L5ItH5tYqm3ki2c5GdWhKjalzjg93N3avFjVStyZZz+A2Em+ZxKH5bNghw9UeylGQ==
  dependencies:
    tslib "^1.9.0"

tim-js-sdk@^2.7.0:
  version "2.7.0"
  resolved "https://registry.npmjs.org/tim-js-sdk/-/tim-js-sdk-2.7.0.tgz#c63e6f8933ab25dfccb9de76a2611b6c74c1dbdc"
  integrity sha512-uItCojQGJB5RRx3UAKE+hOu462G/yjT6V75iwjVwKENdR+EsbHC2A5NgyYIZJ7guNtdx7yR5TZ0+SA5qofZ/Ew==

tim-wx-sdk@^2.7.0:
  version "2.7.0"
  resolved "https://registry.npmjs.org/tim-wx-sdk/-/tim-wx-sdk-2.7.0.tgz#59c8cbd96617e30863fbbf203b788f48fa27f71d"
  integrity sha512-mpu8RvnLHuepfZVBOJyM51u8rBR1s1wwB/ikrFG1GrX+9U0bz8oyJ0nEPyIQqBUyp+/E4B5rxJmH+6UC7k3YrQ==

tls-sig-api-v2@^1.0.0:
  version "1.0.0"
  resolved "https://registry.npmjs.org/tls-sig-api-v2/-/tls-sig-api-v2-1.0.0.tgz#c4aad15f26141fb47871a130dcf6e8e7db8c9552"
  integrity sha512-gVa+6V2PjHEk7JAJ0pJ0aSnByje5kOQlfA32WnLn4RfR8zz3KX62+X8SXjDIKg89rOGUo9nSNphireOCOCjGlw==

tslib@^1.9.0:
  version "1.13.0"
  resolved "https://registry.npmjs.org/tslib/-/tslib-1.13.0.tgz#c881e13cc7015894ed914862d276436fa9a47043"
  integrity sha512-i/6DQjL8Xf3be4K/E6Wgpekn5Qasl1usyw++dAA35Ue5orEn65VIxOA+YvNNl9HV3qv70T7CNwjODHZrLwvd1Q==

underscore@^1.10.2:
  version "1.10.2"
  resolved "https://registry.npmjs.org/underscore/-/underscore-1.10.2.tgz#73d6aa3668f3188e4adb0f1943bd12cfd7efaaaf"
  integrity sha512-N4P+Q/BuyuEKFJ43B9gYuOj4TQUHXX+j2FqguVOpjkssLUUrnJofCcBccJSCoeturDoZU6GorDTHSvUDlSQbTg==

vue-html5-editor@^1.1.1:
  version "1.1.1"
  resolved "https://registry.npmjs.org/vue-html5-editor/-/vue-html5-editor-1.1.1.tgz#5910210a830d8c8d3479a1f1fec8473192aa03b3"
  integrity sha1-WRAhCoMNjI00eaHx/shHMZKqA7M=

vuex@^3.4.0:
  version "3.4.0"
  resolved "https://registry.npmjs.org/vuex/-/vuex-3.4.0.tgz#20cc086062d750769fce1febb34e7fceeaebde45"
  integrity sha512-ajtqwEW/QhnrBZQsZxCLHThZZaa+Db45c92Asf46ZDXu6uHXgbfVuBaJ4gzD2r4UX0oMJHstFwd2r2HM4l8umg==

xmldom@^0.1.27:
  version "0.1.31"
  resolved "https://registry.npmjs.org/xmldom/-/xmldom-0.1.31.tgz#b76c9a1bd9f0a9737e5a72dc37231cf38375e2ff"
  integrity sha512-yS2uJflVQs6n+CyjHoaBmVSqIDevTAWrzMmjG1Gc7h1qQ7uVozNhEPJAwZXWyGQ/Gafo3fCwrcaokezLPupVyQ==
